
Microsoft Visual Studio Solution File, Format Version 12.00
# Visual Studio Version 17
VisualStudioVersion = 17.13.35931.197 d17.13
MinimumVisualStudioVersion = 10.0.40219.1
Project("{FAE04EC0-301F-11D3-BF4B-00C04F79EFBC}") = "frm_agenda", "frm_agenda\frm_agenda.csproj", "{3D8AA6A8-15CC-4323-BECE-ED1E2B3D473F}"
EndProject
Global
	GlobalSection(SolutionConfigurationPlatforms) = preSolution
		Debug|Any CPU = Debug|Any CPU
		Release|Any CPU = Release|Any CPU
	EndGlobalSection
	GlobalSection(ProjectConfigurationPlatforms) = postSolution
		{3D8AA6A8-15CC-4323-BECE-ED1E2B3D473F}.Debug|Any CPU.ActiveCfg = Debug|Any CPU
		{3D8AA6A8-15CC-4323-BECE-ED1E2B3D473F}.Debug|Any CPU.Build.0 = Debug|Any CPU
		{3D8AA6A8-15CC-4323-BECE-ED1E2B3D473F}.Release|Any CPU.ActiveCfg = Release|Any CPU
		{3D8AA6A8-15CC-4323-BECE-ED1E2B3D473F}.Release|Any CPU.Build.0 = Release|Any CPU
	EndGlobalSection
	GlobalSection(SolutionProperties) = preSolution
		HideSolutionNode = FALSE
	EndGlobalSection
	GlobalSection(ExtensibilityGlobals) = postSolution
		SolutionGuid = {72EEBE4A-EA69-48A1-996E-65C4FE4510CD}
	EndGlobalSection
EndGlobal
